// !$*UTF8*$!
{
	archiveVersion = 1;
	classes = {
	};
	objectVersion = 51;
	objects = {

/* Begin PBXBuildFile section */
		6B274278ED3E4B6C4830A31A /* Pods_iWatchListTests.framework in Frameworks */ = {isa = PBXBuildFile; fileRef = 9F3550E3F194325B65E74A4A /* Pods_iWatchListTests.framework */; };
		757FB29070998A2A81022DE0 /* Pods_iWatchList.framework in Frameworks */ = {isa = PBXBuildFile; fileRef = 3B988F94CE1AC6CE9AE768C6 /* Pods_iWatchList.framework */; };
		7A4BB5DF2548767700D11202 /* Main.storyboard in Resources */ = {isa = PBXBuildFile; fileRef = 7A4BB5DD2548767700D11202 /* Main.storyboard */; };
		7ABD69E02545D2AB001A7A3B /* WatchListDB.swift in Sources */ = {isa = PBXBuildFile; fileRef = 7ABD69DF2545D2AB001A7A3B /* WatchListDB.swift */; };
		7ABFA102254445AB00ADEFAF /* Constants.swift in Sources */ = {isa = PBXBuildFile; fileRef = 7ABFA101254445AB00ADEFAF /* Constants.swift */; };
		7ABFA10A25444E0900ADEFAF /* MainDataModel.swift in Sources */ = {isa = PBXBuildFile; fileRef = 7ABFA10925444E0900ADEFAF /* MainDataModel.swift */; };
		7ABFA1112544566000ADEFAF /* MainCells.swift in Sources */ = {isa = PBXBuildFile; fileRef = 7ABFA10F2544566000ADEFAF /* MainCells.swift */; };
		7ABFA1122544566000ADEFAF /* MainCells.xib in Resources */ = {isa = PBXBuildFile; fileRef = 7ABFA1102544566000ADEFAF /* MainCells.xib */; };
		7AC1BB6B2548732100E8B737 /* WatchListDB.xcdatamodeld in Sources */ = {isa = PBXBuildFile; fileRef = 7AC1BB692548732100E8B737 /* WatchListDB.xcdatamodeld */; };
		7AFA74BD2542DAA000109A1B /* NetworkManager.swift in Sources */ = {isa = PBXBuildFile; fileRef = 7AFA74BC2542DAA000109A1B /* NetworkManager.swift */; };
		7AFDD47A2542093600BA5672 /* AppDelegate.swift in Sources */ = {isa = PBXBuildFile; fileRef = 7AFDD4792542093600BA5672 /* AppDelegate.swift */; };
		7AFDD47C2542093600BA5672 /* SceneDelegate.swift in Sources */ = {isa = PBXBuildFile; fileRef = 7AFDD47B2542093600BA5672 /* SceneDelegate.swift */; };
		7AFDD4832542093800BA5672 /* Assets.xcassets in Resources */ = {isa = PBXBuildFile; fileRef = 7AFDD4822542093800BA5672 /* Assets.xcassets */; };
		7AFDD4862542093800BA5672 /* LaunchScreen.storyboard in Resources */ = {isa = PBXBuildFile; fileRef = 7AFDD4842542093800BA5672 /* LaunchScreen.storyboard */; };
		7AFDD4912542093800BA5672 /* iWatchListTests.swift in Sources */ = {isa = PBXBuildFile; fileRef = 7AFDD4902542093800BA5672 /* iWatchListTests.swift */; };
		7AFDD49C2542093800BA5672 /* iWatchListUITests.swift in Sources */ = {isa = PBXBuildFile; fileRef = 7AFDD49B2542093800BA5672 /* iWatchListUITests.swift */; };
		7AFDD4BE25420DBE00BA5672 /* MainVC.swift in Sources */ = {isa = PBXBuildFile; fileRef = 7AFDD4BD25420DBE00BA5672 /* MainVC.swift */; };
		7AFDD4C325420DFB00BA5672 /* WatchListVC.swift in Sources */ = {isa = PBXBuildFile; fileRef = 7AFDD4C225420DFB00BA5672 /* WatchListVC.swift */; };
		7AFDD4C825420E1200BA5672 /* DetailVC.swift in Sources */ = {isa = PBXBuildFile; fileRef = 7AFDD4C725420E1200BA5672 /* DetailVC.swift */; };
		B55F9AE82A20E702D3C7BEBA /* Pods_iWatchList_iWatchListUITests.framework in Frameworks */ = {isa = PBXBuildFile; fileRef = 280B85C47E9FBA2D0B84B043 /* Pods_iWatchList_iWatchListUITests.framework */; };
/* End PBXBuildFile section */

/* Begin PBXContainerItemProxy section */
		7AFDD48D2542093800BA5672 /* PBXContainerItemProxy */ = {
			isa = PBXContainerItemProxy;
			containerPortal = 7AFDD46E2542093600BA5672 /* Project object */;
			proxyType = 1;
			remoteGlobalIDString = 7AFDD4752542093600BA5672;
			remoteInfo = iWatchList;
		};
		7AFDD4982542093800BA5672 /* PBXContainerItemProxy */ = {
			isa = PBXContainerItemProxy;
			containerPortal = 7AFDD46E2542093600BA5672 /* Project object */;
			proxyType = 1;
			remoteGlobalIDString = 7AFDD4752542093600BA5672;
			remoteInfo = iWatchList;
		};
/* End PBXContainerItemProxy section */

/* Begin PBXFileReference section */
		1BEC37F278A70DB67BBDA024 /* Pods-iWatchList-iWatchListUITests.debug.xcconfig */ = {isa = PBXFileReference; includeInIndex = 1; lastKnownFileType = text.xcconfig; name = "Pods-iWatchList-iWatchListUITests.debug.xcconfig"; path = "Target Support Files/Pods-iWatchList-iWatchListUITests/Pods-iWatchList-iWatchListUITests.debug.xcconfig"; sourceTree = "<group>"; };
		280B85C47E9FBA2D0B84B043 /* Pods_iWatchList_iWatchListUITests.framework */ = {isa = PBXFileReference; explicitFileType = wrapper.framework; includeInIndex = 0; path = Pods_iWatchList_iWatchListUITests.framework; sourceTree = BUILT_PRODUCTS_DIR; };
		3B988F94CE1AC6CE9AE768C6 /* Pods_iWatchList.framework */ = {isa = PBXFileReference; explicitFileType = wrapper.framework; includeInIndex = 0; path = Pods_iWatchList.framework; sourceTree = BUILT_PRODUCTS_DIR; };
		6C2758E91CE07F855C73E6C3 /* Pods-iWatchList.release.xcconfig */ = {isa = PBXFileReference; includeInIndex = 1; lastKnownFileType = text.xcconfig; name = "Pods-iWatchList.release.xcconfig"; path = "Target Support Files/Pods-iWatchList/Pods-iWatchList.release.xcconfig"; sourceTree = "<group>"; };
		7956D691716798C74E43CD3F /* Pods-iWatchListTests.debug.xcconfig */ = {isa = PBXFileReference; includeInIndex = 1; lastKnownFileType = text.xcconfig; name = "Pods-iWatchListTests.debug.xcconfig"; path = "Target Support Files/Pods-iWatchListTests/Pods-iWatchListTests.debug.xcconfig"; sourceTree = "<group>"; };
		7A4BB5DE2548767700D11202 /* Base */ = {isa = PBXFileReference; lastKnownFileType = file.storyboard; name = Base; path = "../../iWatchList 2/iWatchList/iWatchList/Base.lproj/Main.storyboard"; sourceTree = "<group>"; };
		7ABD69DF2545D2AB001A7A3B /* WatchListDB.swift */ = {isa = PBXFileReference; lastKnownFileType = sourcecode.swift; path = WatchListDB.swift; sourceTree = "<group>"; };
		7ABFA101254445AB00ADEFAF /* Constants.swift */ = {isa = PBXFileReference; lastKnownFileType = sourcecode.swift; path = Constants.swift; sourceTree = "<group>"; };
		7ABFA10925444E0900ADEFAF /* MainDataModel.swift */ = {isa = PBXFileReference; lastKnownFileType = sourcecode.swift; path = MainDataModel.swift; sourceTree = "<group>"; };
		7ABFA10F2544566000ADEFAF /* MainCells.swift */ = {isa = PBXFileReference; lastKnownFileType = sourcecode.swift; path = MainCells.swift; sourceTree = "<group>"; };
		7ABFA1102544566000ADEFAF /* MainCells.xib */ = {isa = PBXFileReference; lastKnownFileType = file.xib; path = MainCells.xib; sourceTree = "<group>"; };
		7AC1BB6A2548732100E8B737 /* WatchListDB.xcdatamodel */ = {isa = PBXFileReference; lastKnownFileType = wrapper.xcdatamodel; path = WatchListDB.xcdatamodel; sourceTree = "<group>"; };
		7AFA74BC2542DAA000109A1B /* NetworkManager.swift */ = {isa = PBXFileReference; lastKnownFileType = sourcecode.swift; path = NetworkManager.swift; sourceTree = "<group>"; };
		7AFDD4762542093600BA5672 /* iWatchList.app */ = {isa = PBXFileReference; explicitFileType = wrapper.application; includeInIndex = 0; path = iWatchList.app; sourceTree = BUILT_PRODUCTS_DIR; };
		7AFDD4792542093600BA5672 /* AppDelegate.swift */ = {isa = PBXFileReference; lastKnownFileType = sourcecode.swift; path = AppDelegate.swift; sourceTree = "<group>"; };
		7AFDD47B2542093600BA5672 /* SceneDelegate.swift */ = {isa = PBXFileReference; lastKnownFileType = sourcecode.swift; path = SceneDelegate.swift; sourceTree = "<group>"; };
		7AFDD4822542093800BA5672 /* Assets.xcassets */ = {isa = PBXFileReference; lastKnownFileType = folder.assetcatalog; path = Assets.xcassets; sourceTree = "<group>"; };
		7AFDD4852542093800BA5672 /* Base */ = {isa = PBXFileReference; lastKnownFileType = file.storyboard; name = Base; path = Base.lproj/LaunchScreen.storyboard; sourceTree = "<group>"; };
		7AFDD4872542093800BA5672 /* Info.plist */ = {isa = PBXFileReference; lastKnownFileType = text.plist.xml; path = Info.plist; sourceTree = "<group>"; };
		7AFDD48C2542093800BA5672 /* iWatchListTests.xctest */ = {isa = PBXFileReference; explicitFileType = wrapper.cfbundle; includeInIndex = 0; path = iWatchListTests.xctest; sourceTree = BUILT_PRODUCTS_DIR; };
		7AFDD4902542093800BA5672 /* iWatchListTests.swift */ = {isa = PBXFileReference; lastKnownFileType = sourcecode.swift; path = iWatchListTests.swift; sourceTree = "<group>"; };
		7AFDD4922542093800BA5672 /* Info.plist */ = {isa = PBXFileReference; lastKnownFileType = text.plist.xml; path = Info.plist; sourceTree = "<group>"; };
		7AFDD4972542093800BA5672 /* iWatchListUITests.xctest */ = {isa = PBXFileReference; explicitFileType = wrapper.cfbundle; includeInIndex = 0; path = iWatchListUITests.xctest; sourceTree = BUILT_PRODUCTS_DIR; };
		7AFDD49B2542093800BA5672 /* iWatchListUITests.swift */ = {isa = PBXFileReference; lastKnownFileType = sourcecode.swift; path = iWatchListUITests.swift; sourceTree = "<group>"; };
		7AFDD49D2542093800BA5672 /* Info.plist */ = {isa = PBXFileReference; lastKnownFileType = text.plist.xml; path = Info.plist; sourceTree = "<group>"; };
		7AFDD4BD25420DBE00BA5672 /* MainVC.swift */ = {isa = PBXFileReference; lastKnownFileType = sourcecode.swift; path = MainVC.swift; sourceTree = "<group>"; };
		7AFDD4C225420DFB00BA5672 /* WatchListVC.swift */ = {isa = PBXFileReference; lastKnownFileType = sourcecode.swift; path = WatchListVC.swift; sourceTree = "<group>"; };
		7AFDD4C725420E1200BA5672 /* DetailVC.swift */ = {isa = PBXFileReference; lastKnownFileType = sourcecode.swift; path = DetailVC.swift; sourceTree = "<group>"; };
		9F3550E3F194325B65E74A4A /* Pods_iWatchListTests.framework */ = {isa = PBXFileReference; explicitFileType = wrapper.framework; includeInIndex = 0; path = Pods_iWatchListTests.framework; sourceTree = BUILT_PRODUCTS_DIR; };
		CA320416D33E4B26BB405339 /* Pods-iWatchList-iWatchListUITests.release.xcconfig */ = {isa = PBXFileReference; includeInIndex = 1; lastKnownFileType = text.xcconfig; name = "Pods-iWatchList-iWatchListUITests.release.xcconfig"; path = "Target Support Files/Pods-iWatchList-iWatchListUITests/Pods-iWatchList-iWatchListUITests.release.xcconfig"; sourceTree = "<group>"; };
		D69B931E19F60C03AC3FC65D /* Pods-iWatchListTests.release.xcconfig */ = {isa = PBXFileReference; includeInIndex = 1; lastKnownFileType = text.xcconfig; name = "Pods-iWatchListTests.release.xcconfig"; path = "Target Support Files/Pods-iWatchListTests/Pods-iWatchListTests.release.xcconfig"; sourceTree = "<group>"; };
		E566657B66DA0CB5DD227ACB /* Pods-iWatchList.debug.xcconfig */ = {isa = PBXFileReference; includeInIndex = 1; lastKnownFileType = text.xcconfig; name = "Pods-iWatchList.debug.xcconfig"; path = "Target Support Files/Pods-iWatchList/Pods-iWatchList.debug.xcconfig"; sourceTree = "<group>"; };
/* End PBXFileReference section */

/* Begin PBXFrameworksBuildPhase section */
		7AFDD4732542093600BA5672 /* Frameworks */ = {
			isa = PBXFrameworksBuildPhase;
			buildActionMask = 2147483647;
			files = (
				757FB29070998A2A81022DE0 /* Pods_iWatchList.framework in Frameworks */,
			);
			runOnlyForDeploymentPostprocessing = 0;
		};
		7AFDD4892542093800BA5672 /* Frameworks */ = {
			isa = PBXFrameworksBuildPhase;
			buildActionMask = 2147483647;
			files = (
				6B274278ED3E4B6C4830A31A /* Pods_iWatchListTests.framework in Frameworks */,
			);
			runOnlyForDeploymentPostprocessing = 0;
		};
		7AFDD4942542093800BA5672 /* Frameworks */ = {
			isa = PBXFrameworksBuildPhase;
			buildActionMask = 2147483647;
			files = (
				B55F9AE82A20E702D3C7BEBA /* Pods_iWatchList_iWatchListUITests.framework in Frameworks */,
			);
			runOnlyForDeploymentPostprocessing = 0;
		};
/* End PBXFrameworksBuildPhase section */

/* Begin PBXGroup section */
		7ABFA1002544459600ADEFAF /* Helpers */ = {
			isa = PBXGroup;
			children = (
				7ABFA101254445AB00ADEFAF /* Constants.swift */,
			);
			path = Helpers;
			sourceTree = "<group>";
		};
		7AFA74BB2542DA7C00109A1B /* Networking */ = {
			isa = PBXGroup;
			children = (
				7AFA74BC2542DAA000109A1B /* NetworkManager.swift */,
			);
			path = Networking;
			sourceTree = "<group>";
		};
		7AFDD46D2542093600BA5672 = {
			isa = PBXGroup;
			children = (
				7AFDD4782542093600BA5672 /* iWatchList */,
				7AFDD48F2542093800BA5672 /* iWatchListTests */,
				7AFDD49A2542093800BA5672 /* iWatchListUITests */,
				7AFDD4772542093600BA5672 /* Products */,
				ADF271B315508EDD7A65008D /* Pods */,
				F0B617254BA1EDAD14366B32 /* Frameworks */,
			);
			sourceTree = "<group>";
		};
		7AFDD4772542093600BA5672 /* Products */ = {
			isa = PBXGroup;
			children = (
				7AFDD4762542093600BA5672 /* iWatchList.app */,
				7AFDD48C2542093800BA5672 /* iWatchListTests.xctest */,
				7AFDD4972542093800BA5672 /* iWatchListUITests.xctest */,
			);
			name = Products;
			sourceTree = "<group>";
		};
		7AFDD4782542093600BA5672 /* iWatchList */ = {
			isa = PBXGroup;
			children = (
				7AFA74BB2542DA7C00109A1B /* Networking */,
				7AFDD4B825420D4500BA5672 /* Controllers */,
				7AFDD4B925420D5000BA5672 /* Views */,
				7AFDD4B725420D3700BA5672 /* Models */,
				7ABFA1002544459600ADEFAF /* Helpers */,
				7A4BB5DD2548767700D11202 /* Main.storyboard */,
				7AFDD4792542093600BA5672 /* AppDelegate.swift */,
				7AFDD47B2542093600BA5672 /* SceneDelegate.swift */,
				7AFDD4822542093800BA5672 /* Assets.xcassets */,
				7AFDD4842542093800BA5672 /* LaunchScreen.storyboard */,
				7AFDD4872542093800BA5672 /* Info.plist */,
			);
			path = iWatchList;
			sourceTree = "<group>";
		};
		7AFDD48F2542093800BA5672 /* iWatchListTests */ = {
			isa = PBXGroup;
			children = (
				7AFDD4902542093800BA5672 /* iWatchListTests.swift */,
				7AFDD4922542093800BA5672 /* Info.plist */,
			);
			path = iWatchListTests;
			sourceTree = "<group>";
		};
		7AFDD49A2542093800BA5672 /* iWatchListUITests */ = {
			isa = PBXGroup;
			children = (
				7AFDD49B2542093800BA5672 /* iWatchListUITests.swift */,
				7AFDD49D2542093800BA5672 /* Info.plist */,
			);
			path = iWatchListUITests;
			sourceTree = "<group>";
		};
		7AFDD4B725420D3700BA5672 /* Models */ = {
			isa = PBXGroup;
			children = (
				7ABFA10925444E0900ADEFAF /* MainDataModel.swift */,
				7ABD69DF2545D2AB001A7A3B /* WatchListDB.swift */,
				7AC1BB692548732100E8B737 /* WatchListDB.xcdatamodeld */,
			);
			path = Models;
			sourceTree = "<group>";
		};
		7AFDD4B825420D4500BA5672 /* Controllers */ = {
			isa = PBXGroup;
			children = (
				7AFDD4BD25420DBE00BA5672 /* MainVC.swift */,
				7AFDD4C725420E1200BA5672 /* DetailVC.swift */,
				7AFDD4C225420DFB00BA5672 /* WatchListVC.swift */,
			);
			path = Controllers;
			sourceTree = "<group>";
		};
		7AFDD4B925420D5000BA5672 /* Views */ = {
			isa = PBXGroup;
			children = (
				7ABFA10F2544566000ADEFAF /* MainCells.swift */,
				7ABFA1102544566000ADEFAF /* MainCells.xib */,
			);
			path = Views;
			sourceTree = "<group>";
		};
		ADF271B315508EDD7A65008D /* Pods */ = {
			isa = PBXGroup;
			children = (
				E566657B66DA0CB5DD227ACB /* Pods-iWatchList.debug.xcconfig */,
				6C2758E91CE07F855C73E6C3 /* Pods-iWatchList.release.xcconfig */,
				1BEC37F278A70DB67BBDA024 /* Pods-iWatchList-iWatchListUITests.debug.xcconfig */,
				CA320416D33E4B26BB405339 /* Pods-iWatchList-iWatchListUITests.release.xcconfig */,
				7956D691716798C74E43CD3F /* Pods-iWatchListTests.debug.xcconfig */,
				D69B931E19F60C03AC3FC65D /* Pods-iWatchListTests.release.xcconfig */,
			);
			path = Pods;
			sourceTree = "<group>";
		};
		F0B617254BA1EDAD14366B32 /* Frameworks */ = {
			isa = PBXGroup;
			children = (
				3B988F94CE1AC6CE9AE768C6 /* Pods_iWatchList.framework */,
				280B85C47E9FBA2D0B84B043 /* Pods_iWatchList_iWatchListUITests.framework */,
				9F3550E3F194325B65E74A4A /* Pods_iWatchListTests.framework */,
			);
			name = Frameworks;
			sourceTree = "<group>";
		};
/* End PBXGroup section */

/* Begin PBXNativeTarget section */
		7AFDD4752542093600BA5672 /* iWatchList */ = {
			isa = PBXNativeTarget;
			buildConfigurationList = 7AFDD4A02542093800BA5672 /* Build configuration list for PBXNativeTarget "iWatchList" */;
			buildPhases = (
				79E0BC0950D5858137D04E4E /* [CP] Check Pods Manifest.lock */,
				7AFDD4722542093600BA5672 /* Sources */,
				7AFDD4732542093600BA5672 /* Frameworks */,
				7AFDD4742542093600BA5672 /* Resources */,
				1EAE9100E2C14A95C25BC6CA /* [CP] Embed Pods Frameworks */,
			);
			buildRules = (
			);
			dependencies = (
			);
			name = iWatchList;
			productName = iWatchList;
			productReference = 7AFDD4762542093600BA5672 /* iWatchList.app */;
			productType = "com.apple.product-type.application";
		};
		7AFDD48B2542093800BA5672 /* iWatchListTests */ = {
			isa = PBXNativeTarget;
			buildConfigurationList = 7AFDD4A32542093800BA5672 /* Build configuration list for PBXNativeTarget "iWatchListTests" */;
			buildPhases = (
				7238B791CEFEA3976ACA124A /* [CP] Check Pods Manifest.lock */,
				7AFDD4882542093800BA5672 /* Sources */,
				7AFDD4892542093800BA5672 /* Frameworks */,
				7AFDD48A2542093800BA5672 /* Resources */,
			);
			buildRules = (
			);
			dependencies = (
				7AFDD48E2542093800BA5672 /* PBXTargetDependency */,
			);
			name = iWatchListTests;
			productName = iWatchListTests;
			productReference = 7AFDD48C2542093800BA5672 /* iWatchListTests.xctest */;
			productType = "com.apple.product-type.bundle.unit-test";
		};
		7AFDD4962542093800BA5672 /* iWatchListUITests */ = {
			isa = PBXNativeTarget;
			buildConfigurationList = 7AFDD4A62542093800BA5672 /* Build configuration list for PBXNativeTarget "iWatchListUITests" */;
			buildPhases = (
				4F5468645F4DF6184560430E /* [CP] Check Pods Manifest.lock */,
				7AFDD4932542093800BA5672 /* Sources */,
				7AFDD4942542093800BA5672 /* Frameworks */,
				7AFDD4952542093800BA5672 /* Resources */,
				62123473423F3078C2C52B12 /* [CP] Embed Pods Frameworks */,
			);
			buildRules = (
			);
			dependencies = (
				7AFDD4992542093800BA5672 /* PBXTargetDependency */,
			);
			name = iWatchListUITests;
			productName = iWatchListUITests;
			productReference = 7AFDD4972542093800BA5672 /* iWatchListUITests.xctest */;
			productType = "com.apple.product-type.bundle.ui-testing";
		};
/* End PBXNativeTarget section */

/* Begin PBXProject section */
		7AFDD46E2542093600BA5672 /* Project object */ = {
			isa = PBXProject;
			attributes = {
				LastSwiftUpdateCheck = 1200;
				LastUpgradeCheck = 1200;
				TargetAttributes = {
					7AFDD4752542093600BA5672 = {
						CreatedOnToolsVersion = 12.0.1;
					};
					7AFDD48B2542093800BA5672 = {
						CreatedOnToolsVersion = 12.0.1;
						TestTargetID = 7AFDD4752542093600BA5672;
					};
					7AFDD4962542093800BA5672 = {
						CreatedOnToolsVersion = 12.0.1;
						TestTargetID = 7AFDD4752542093600BA5672;
					};
				};
			};
			buildConfigurationList = 7AFDD4712542093600BA5672 /* Build configuration list for PBXProject "iWatchList" */;
			compatibilityVersion = "Xcode 9.3";
			developmentRegion = en;
			hasScannedForEncodings = 0;
			knownRegions = (
				en,
				Base,
			);
			mainGroup = 7AFDD46D2542093600BA5672;
			productRefGroup = 7AFDD4772542093600BA5672 /* Products */;
			projectDirPath = "";
			projectRoot = "";
			targets = (
				7AFDD4752542093600BA5672 /* iWatchList */,
				7AFDD48B2542093800BA5672 /* iWatchListTests */,
				7AFDD4962542093800BA5672 /* iWatchListUITests */,
			);
		};
/* End PBXProject section */

/* Begin PBXResourcesBuildPhase section */
		7AFDD4742542093600BA5672 /* Resources */ = {
			isa = PBXResourcesBuildPhase;
			buildActionMask = 2147483647;
			files = (
				7AFDD4862542093800BA5672 /* LaunchScreen.storyboard in Resources */,
				7AFDD4832542093800BA5672 /* Assets.xcassets in Resources */,
				7ABFA1122544566000ADEFAF /* MainCells.xib in Resources */,
				7A4BB5DF2548767700D11202 /* Main.storyboard in Resources */,
			);
			runOnlyForDeploymentPostprocessing = 0;
		};
		7AFDD48A2542093800BA5672 /* Resources */ = {
			isa = PBXResourcesBuildPhase;
			buildActionMask = 2147483647;
			files = (
			);
			runOnlyForDeploymentPostprocessing = 0;
		};
		7AFDD4952542093800BA5672 /* Resources */ = {
			isa = PBXResourcesBuildPhase;
			buildActionMask = 2147483647;
			files = (
			);
			runOnlyForDeploymentPostprocessing = 0;
		};
/* End PBXResourcesBuildPhase section */

/* Begin PBXShellScriptBuildPhase section */
		1EAE9100E2C14A95C25BC6CA /* [CP] Embed Pods Frameworks */ = {
			isa = PBXShellScriptBuildPhase;
			buildActionMask = 2147483647;
			files = (
			);
			inputFileListPaths = (
				"${PODS_ROOT}/Target Support Files/Pods-iWatchList/Pods-iWatchList-frameworks-${CONFIGURATION}-input-files.xcfilelist",
			);
			name = "[CP] Embed Pods Frameworks";
			outputFileListPaths = (
				"${PODS_ROOT}/Target Support Files/Pods-iWatchList/Pods-iWatchList-frameworks-${CONFIGURATION}-output-files.xcfilelist",
			);
			runOnlyForDeploymentPostprocessing = 0;
			shellPath = /bin/sh;
			shellScript = "\"${PODS_ROOT}/Target Support Files/Pods-iWatchList/Pods-iWatchList-frameworks.sh\"\n";
			showEnvVarsInLog = 0;
		};
		4F5468645F4DF6184560430E /* [CP] Check Pods Manifest.lock */ = {
			isa = PBXShellScriptBuildPhase;
			buildActionMask = 2147483647;
			files = (
			);
			inputFileListPaths = (
			);
			inputPaths = (
				"${PODS_PODFILE_DIR_PATH}/Podfile.lock",
				"${PODS_ROOT}/Manifest.lock",
			);
			name = "[CP] Check Pods Manifest.lock";
			outputFileListPaths = (
			);
			outputPaths = (
				"$(DERIVED_FILE_DIR)/Pods-iWatchList-iWatchListUITests-checkManifestLockResult.txt",
			);
			runOnlyForDeploymentPostprocessing = 0;
			shellPath = /bin/sh;
			shellScript = "diff \"${PODS_PODFILE_DIR_PATH}/Podfile.lock\" \"${PODS_ROOT}/Manifest.lock\" > /dev/null\nif [ $? != 0 ] ; then\n    # print error to STDERR\n    echo \"error: The sandbox is not in sync with the Podfile.lock. Run 'pod install' or update your CocoaPods installation.\" >&2\n    exit 1\nfi\n# This output is used by Xcode 'outputs' to avoid re-running this script phase.\necho \"SUCCESS\" > \"${SCRIPT_OUTPUT_FILE_0}\"\n";
			showEnvVarsInLog = 0;
		};
		62123473423F3078C2C52B12 /* [CP] Embed Pods Frameworks */ = {
			isa = PBXShellScriptBuildPhase;
			buildActionMask = 2147483647;
			files = (
			);
			inputFileListPaths = (
				"${PODS_ROOT}/Target Support Files/Pods-iWatchList-iWatchListUITests/Pods-iWatchList-iWatchListUITests-frameworks-${CONFIGURATION}-input-files.xcfilelist",
			);
			name = "[CP] Embed Pods Frameworks";
			outputFileListPaths = (
				"${PODS_ROOT}/Target Support Files/Pods-iWatchList-iWatchListUITests/Pods-iWatchList-iWatchListUITests-frameworks-${CONFIGURATION}-output-files.xcfilelist",
			);
			runOnlyForDeploymentPostprocessing = 0;
			shellPath = /bin/sh;
			shellScript = "\"${PODS_ROOT}/Target Support Files/Pods-iWatchList-iWatchListUITests/Pods-iWatchList-iWatchListUITests-frameworks.sh\"\n";
			showEnvVarsInLog = 0;
		};
		7238B791CEFEA3976ACA124A /* [CP] Check Pods Manifest.lock */ = {
			isa = PBXShellScriptBuildPhase;
			buildActionMask = 2147483647;
			files = (
			);
			inputFileListPaths = (
			);
			inputPaths = (
				"${PODS_PODFILE_DIR_PATH}/Podfile.lock",
				"${PODS_ROOT}/Manifest.lock",
			);
			name = "[CP] Check Pods Manifest.lock";
			outputFileListPaths = (
			);
			outputPaths = (
				"$(DERIVED_FILE_DIR)/Pods-iWatchListTests-checkManifestLockResult.txt",
			);
			runOnlyForDeploymentPostprocessing = 0;
			shellPath = /bin/sh;
			shellScript = "diff \"${PODS_PODFILE_DIR_PATH}/Podfile.lock\" \"${PODS_ROOT}/Manifest.lock\" > /dev/null\nif [ $? != 0 ] ; then\n    # print error to STDERR\n    echo \"error: The sandbox is not in sync with the Podfile.lock. Run 'pod install' or update your CocoaPods installation.\" >&2\n    exit 1\nfi\n# This output is used by Xcode 'outputs' to avoid re-running this script phase.\necho \"SUCCESS\" > \"${SCRIPT_OUTPUT_FILE_0}\"\n";
			showEnvVarsInLog = 0;
		};
		79E0BC0950D5858137D04E4E /* [CP] Check Pods Manifest.lock */ = {
			isa = PBXShellScriptBuildPhase;
			buildActionMask = 2147483647;
			files = (
			);
			inputFileListPaths = (
			);
			inputPaths = (
				"${PODS_PODFILE_DIR_PATH}/Podfile.lock",
				"${PODS_ROOT}/Manifest.lock",
			);
			name = "[CP] Check Pods Manifest.lock";
			outputFileListPaths = (
			);
			outputPaths = (
				"$(DERIVED_FILE_DIR)/Pods-iWatchList-checkManifestLockResult.txt",
			);
			runOnlyForDeploymentPostprocessing = 0;
			shellPath = /bin/sh;
			shellScript = "diff \"${PODS_PODFILE_DIR_PATH}/Podfile.lock\" \"${PODS_ROOT}/Manifest.lock\" > /dev/null\nif [ $? != 0 ] ; then\n    # print error to STDERR\n    echo \"error: The sandbox is not in sync with the Podfile.lock. Run 'pod install' or update your CocoaPods installation.\" >&2\n    exit 1\nfi\n# This output is used by Xcode 'outputs' to avoid re-running this script phase.\necho \"SUCCESS\" > \"${SCRIPT_OUTPUT_FILE_0}\"\n";
			showEnvVarsInLog = 0;
		};
/* End PBXShellScriptBuildPhase section */

/* Begin PBXSourcesBuildPhase section */
		7AFDD4722542093600BA5672 /* Sources */ = {
			isa = PBXSourcesBuildPhase;
			buildActionMask = 2147483647;
			files = (
				7AFA74BD2542DAA000109A1B /* NetworkManager.swift in Sources */,
				7AFDD4C825420E1200BA5672 /* DetailVC.swift in Sources */,
				7AFDD4C325420DFB00BA5672 /* WatchListVC.swift in Sources */,
				7AFDD47A2542093600BA5672 /* AppDelegate.swift in Sources */,
				7ABFA102254445AB00ADEFAF /* Constants.swift in Sources */,
				7ABD69E02545D2AB001A7A3B /* WatchListDB.swift in Sources */,
				7AFDD4BE25420DBE00BA5672 /* MainVC.swift in Sources */,
				7ABFA10A25444E0900ADEFAF /* MainDataModel.swift in Sources */,
				7AC1BB6B2548732100E8B737 /* WatchListDB.xcdatamodeld in Sources */,
				7ABFA1112544566000ADEFAF /* MainCells.swift in Sources */,
				7AFDD47C2542093600BA5672 /* SceneDelegate.swift in Sources */,
			);
			runOnlyForDeploymentPostprocessing = 0;
		};
		7AFDD4882542093800BA5672 /* Sources */ = {
			isa = PBXSourcesBuildPhase;
			buildActionMask = 2147483647;
			files = (
				7AFDD4912542093800BA5672 /* iWatchListTests.swift in Sources */,
			);
			runOnlyForDeploymentPostprocessing = 0;
		};
		7AFDD4932542093800BA5672 /* Sources */ = {
			isa = PBXSourcesBuildPhase;
			buildActionMask = 2147483647;
			files = (
				7AFDD49C2542093800BA5672 /* iWatchListUITests.swift in Sources */,
			);
			runOnlyForDeploymentPostprocessing = 0;
		};
/* End PBXSourcesBuildPhase section */

/* Begin PBXTargetDependency section */
		7AFDD48E2542093800BA5672 /* PBXTargetDependency */ = {
			isa = PBXTargetDependency;
			target = 7AFDD4752542093600BA5672 /* iWatchList */;
			targetProxy = 7AFDD48D2542093800BA5672 /* PBXContainerItemProxy */;
		};
		7AFDD4992542093800BA5672 /* PBXTargetDependency */ = {
			isa = PBXTargetDependency;
			target = 7AFDD4752542093600BA5672 /* iWatchList */;
			targetProxy = 7AFDD4982542093800BA5672 /* PBXContainerItemProxy */;
		};
/* End PBXTargetDependency section */

/* Begin PBXVariantGroup section */
		7A4BB5DD2548767700D11202 /* Main.storyboard */ = {
			isa = PBXVariantGroup;
			children = (
				7A4BB5DE2548767700D11202 /* Base */,
			);
			name = Main.storyboard;
			sourceTree = "<group>";
		};
		7AFDD4842542093800BA5672 /* LaunchScreen.storyboard */ = {
			isa = PBXVariantGroup;
			children = (
				7AFDD4852542093800BA5672 /* Base */,
			);
			name = LaunchScreen.storyboard;
			sourceTree = "<group>";
		};
/* End PBXVariantGroup section */

/* Begin XCBuildConfiguration section */
		7AFDD49E2542093800BA5672 /* Debug */ = {
			isa = XCBuildConfiguration;
			buildSettings = {
				ALWAYS_SEARCH_USER_PATHS = NO;
				CLANG_ANALYZER_NONNULL = YES;
				CLANG_ANALYZER_NUMBER_OBJECT_CONVERSION = YES_AGGRESSIVE;
				CLANG_CXX_LANGUAGE_STANDARD = "gnu++14";
				CLANG_CXX_LIBRARY = "libc++";
				CLANG_ENABLE_MODULES = YES;
				CLANG_ENABLE_OBJC_ARC = YES;
				CLANG_ENABLE_OBJC_WEAK = YES;
				CLANG_WARN_BLOCK_CAPTURE_AUTORELEASING = YES;
				CLANG_WARN_BOOL_CONVERSION = YES;
				CLANG_WARN_COMMA = YES;
				CLANG_WARN_CONSTANT_CONVERSION = YES;
				CLANG_WARN_DEPRECATED_OBJC_IMPLEMENTATIONS = YES;
				CLANG_WARN_DIRECT_OBJC_ISA_USAGE = YES_ERROR;
				CLANG_WARN_DOCUMENTATION_COMMENTS = YES;
				CLANG_WARN_EMPTY_BODY = YES;
				CLANG_WARN_ENUM_CONVERSION = YES;
				CLANG_WARN_INFINITE_RECURSION = YES;
				CLANG_WARN_INT_CONVERSION = YES;
				CLANG_WARN_NON_LITERAL_NULL_CONVERSION = YES;
				CLANG_WARN_OBJC_IMPLICIT_RETAIN_SELF = YES;
				CLANG_WARN_OBJC_LITERAL_CONVERSION = YES;
				CLANG_WARN_OBJC_ROOT_CLASS = YES_ERROR;
				CLANG_WARN_QUOTED_INCLUDE_IN_FRAMEWORK_HEADER = YES;
				CLANG_WARN_RANGE_LOOP_ANALYSIS = YES;
				CLANG_WARN_STRICT_PROTOTYPES = YES;
				CLANG_WARN_SUSPICIOUS_MOVE = YES;
				CLANG_WARN_UNGUARDED_AVAILABILITY = YES_AGGRESSIVE;
				CLANG_WARN_UNREACHABLE_CODE = YES;
				CLANG_WARN__DUPLICATE_METHOD_MATCH = YES;
				COPY_PHASE_STRIP = NO;
				DEBUG_INFORMATION_FORMAT = dwarf;
				ENABLE_STRICT_OBJC_MSGSEND = YES;
				ENABLE_TESTABILITY = YES;
				GCC_C_LANGUAGE_STANDARD = gnu11;
				GCC_DYNAMIC_NO_PIC = NO;
				GCC_NO_COMMON_BLOCKS = YES;
				GCC_OPTIMIZATION_LEVEL = 0;
				GCC_PREPROCESSOR_DEFINITIONS = (
					"DEBUG=1",
					"$(inherited)",
				);
				GCC_WARN_64_TO_32_BIT_CONVERSION = YES;
				GCC_WARN_ABOUT_RETURN_TYPE = YES_ERROR;
				GCC_WARN_UNDECLARED_SELECTOR = YES;
				GCC_WARN_UNINITIALIZED_AUTOS = YES_AGGRESSIVE;
				GCC_WARN_UNUSED_FUNCTION = YES;
				GCC_WARN_UNUSED_VARIABLE = YES;
				IPHONEOS_DEPLOYMENT_TARGET = 14.0;
				MTL_ENABLE_DEBUG_INFO = INCLUDE_SOURCE;
				MTL_FAST_MATH = YES;
				ONLY_ACTIVE_ARCH = YES;
				SDKROOT = iphoneos;
				SWIFT_ACTIVE_COMPILATION_CONDITIONS = DEBUG;
				SWIFT_OPTIMIZATION_LEVEL = "-Onone";
			};
			name = Debug;
		};
		7AFDD49F2542093800BA5672 /* Release */ = {
			isa = XCBuildConfiguration;
			buildSettings = {
				ALWAYS_SEARCH_USER_PATHS = NO;
				CLANG_ANALYZER_NONNULL = YES;
				CLANG_ANALYZER_NUMBER_OBJECT_CONVERSION = YES_AGGRESSIVE;
				CLANG_CXX_LANGUAGE_STANDARD = "gnu++14";
				CLANG_CXX_LIBRARY = "libc++";
				CLANG_ENABLE_MODULES = YES;
				CLANG_ENABLE_OBJC_ARC = YES;
				CLANG_ENABLE_OBJC_WEAK = YES;
				CLANG_WARN_BLOCK_CAPTURE_AUTORELEASING = YES;
				CLANG_WARN_BOOL_CONVERSION = YES;
				CLANG_WARN_COMMA = YES;
				CLANG_WARN_CONSTANT_CONVERSION = YES;
				CLANG_WARN_DEPRECATED_OBJC_IMPLEMENTATIONS = YES;
				CLANG_WARN_DIRECT_OBJC_ISA_USAGE = YES_ERROR;
				CLANG_WARN_DOCUMENTATION_COMMENTS = YES;
				CLANG_WARN_EMPTY_BODY = YES;
				CLANG_WARN_ENUM_CONVERSION = YES;
				CLANG_WARN_INFINITE_RECURSION = YES;
				CLANG_WARN_INT_CONVERSION = YES;
				CLANG_WARN_NON_LITERAL_NULL_CONVERSION = YES;
				CLANG_WARN_OBJC_IMPLICIT_RETAIN_SELF = YES;
				CLANG_WARN_OBJC_LITERAL_CONVERSION = YES;
				CLANG_WARN_OBJC_ROOT_CLASS = YES_ERROR;
				CLANG_WARN_QUOTED_INCLUDE_IN_FRAMEWORK_HEADER = YES;
				CLANG_WARN_RANGE_LOOP_ANALYSIS = YES;
				CLANG_WARN_STRICT_PROTOTYPES = YES;
				CLANG_WARN_SUSPICIOUS_MOVE = YES;
				CLANG_WARN_UNGUARDED_AVAILABILITY = YES_AGGRESSIVE;
				CLANG_WARN_UNREACHABLE_CODE = YES;
				CLANG_WARN__DUPLICATE_METHOD_MATCH = YES;
				COPY_PHASE_STRIP = NO;
				DEBUG_INFORMATION_FORMAT = "dwarf-with-dsym";
				ENABLE_NS_ASSERTIONS = NO;
				ENABLE_STRICT_OBJC_MSGSEND = YES;
				GCC_C_LANGUAGE_STANDARD = gnu11;
				GCC_NO_COMMON_BLOCKS = YES;
				GCC_WARN_64_TO_32_BIT_CONVERSION = YES;
				GCC_WARN_ABOUT_RETURN_TYPE = YES_ERROR;
				GCC_WARN_UNDECLARED_SELECTOR = YES;
				GCC_WARN_UNINITIALIZED_AUTOS = YES_AGGRESSIVE;
				GCC_WARN_UNUSED_FUNCTION = YES;
				GCC_WARN_UNUSED_VARIABLE = YES;
				IPHONEOS_DEPLOYMENT_TARGET = 14.0;
				MTL_ENABLE_DEBUG_INFO = NO;
				MTL_FAST_MATH = YES;
				SDKROOT = iphoneos;
				SWIFT_COMPILATION_MODE = wholemodule;
				SWIFT_OPTIMIZATION_LEVEL = "-O";
				VALIDATE_PRODUCT = YES;
			};
			name = Release;
		};
		7AFDD4A12542093800BA5672 /* Debug */ = {
			isa = XCBuildConfiguration;
			baseConfigurationReference = E566657B66DA0CB5DD227ACB /* Pods-iWatchList.debug.xcconfig */;
			buildSettings = {
				ASSETCATALOG_COMPILER_APPICON_NAME = AppIcon;
				ASSETCATALOG_COMPILER_GLOBAL_ACCENT_COLOR_NAME = AccentColor;
				CODE_SIGN_STYLE = Automatic;
				DEVELOPMENT_TEAM = 8N6548NG99;
				INFOPLIST_FILE = iWatchList/Info.plist;
				LD_RUNPATH_SEARCH_PATHS = (
					"$(inherited)",
					"@executable_path/Frameworks",
				);
				PRODUCT_BUNDLE_IDENTIFIER = brian.iWatchList;
				PRODUCT_NAME = "$(TARGET_NAME)";
				SWIFT_VERSION = 5.0;
				TARGETED_DEVICE_FAMILY = "1,2";
			};
			name = Debug;
		};
		7AFDD4A22542093800BA5672 /* Release */ = {
			isa = XCBuildConfiguration;
			baseConfigurationReference = 6C2758E91CE07F855C73E6C3 /* Pods-iWatchList.release.xcconfig */;
			buildSettings = {
				ASSETCATALOG_COMPILER_APPICON_NAME = AppIcon;
				ASSETCATALOG_COMPILER_GLOBAL_ACCENT_COLOR_NAME = AccentColor;
				CODE_SIGN_STYLE = Automatic;
				DEVELOPMENT_TEAM = 8N6548NG99;
				INFOPLIST_FILE = iWatchList/Info.plist;
				LD_RUNPATH_SEARCH_PATHS = (
					"$(inherited)",
					"@executable_path/Frameworks",
				);
				PRODUCT_BUNDLE_IDENTIFIER = brian.iWatchList;
				PRODUCT_NAME = "$(TARGET_NAME)";
				SWIFT_VERSION = 5.0;
				TARGETED_DEVICE_FAMILY = "1,2";
			};
			name = Release;
		};
		7AFDD4A42542093800BA5672 /* Debug */ = {
			isa = XCBuildConfiguration;
			baseConfigurationReference = 7956D691716798C74E43CD3F /* Pods-iWatchListTests.debug.xcconfig */;
			buildSettings = {
				ALWAYS_EMBED_SWIFT_STANDARD_LIBRARIES = YES;
				BUNDLE_LOADER = "$(TEST_HOST)";
				CODE_SIGN_STYLE = Automatic;
				DEVELOPMENT_TEAM = 8N6548NG99;
				INFOPLIST_FILE = iWatchListTests/Info.plist;
				IPHONEOS_DEPLOYMENT_TARGET = 14.0;
				LD_RUNPATH_SEARCH_PATHS = (
					"$(inherited)",
					"@executable_path/Frameworks",
					"@loader_path/Frameworks",
				);
				PRODUCT_BUNDLE_IDENTIFIER = brian.iWatchListTests;
				PRODUCT_NAME = "$(TARGET_NAME)";
				SWIFT_VERSION = 5.0;
				TARGETED_DEVICE_FAMILY = "1,2";
				TEST_HOST = "$(BUILT_PRODUCTS_DIR)/iWatchList.app/iWatchList";
			};
			name = Debug;
		};
		7AFDD4A52542093800BA5672 /* Release */ = {
			isa = XCBuildConfiguration;
			baseConfigurationReference = D69B931E19F60C03AC3FC65D /* Pods-iWatchListTests.release.xcconfig */;
			buildSettings = {
				ALWAYS_EMBED_SWIFT_STANDARD_LIBRARIES = YES;
				BUNDLE_LOADER = "$(TEST_HOST)";
				CODE_SIGN_STYLE = Automatic;
				DEVELOPMENT_TEAM = 8N6548NG99;
				INFOPLIST_FILE = iWatchListTests/Info.plist;
				IPHONEOS_DEPLOYMENT_TARGET = 14.0;
				LD_RUNPATH_SEARCH_PATHS = (
					"$(inherited)",
					"@executable_path/Frameworks",
					"@loader_path/Frameworks",
				);
				PRODUCT_BUNDLE_IDENTIFIER = brian.iWatchListTests;
				PRODUCT_NAME = "$(TARGET_NAME)";
				SWIFT_VERSION = 5.0;
				TARGETED_DEVICE_FAMILY = "1,2";
				TEST_HOST = "$(BUILT_PRODUCTS_DIR)/iWatchList.app/iWatchList";
			};
			name = Release;
		};
		7AFDD4A72542093800BA5672 /* Debug */ = {
			isa = XCBuildConfiguration;
			baseConfigurationReference = 1BEC37F278A70DB67BBDA024 /* Pods-iWatchList-iWatchListUITests.debug.xcconfig */;
			buildSettings = {
				ALWAYS_EMBED_SWIFT_STANDARD_LIBRARIES = YES;
				CODE_SIGN_STYLE = Automatic;
				DEVELOPMENT_TEAM = 8N6548NG99;
				INFOPLIST_FILE = iWatchListUITests/Info.plist;
				LD_RUNPATH_SEARCH_PATHS = (
					"$(inherited)",
					"@executable_path/Frameworks",
					"@loader_path/Frameworks",
				);
				PRODUCT_BUNDLE_IDENTIFIER = brian.iWatchListUITests;
				PRODUCT_NAME = "$(TARGET_NAME)";
				SWIFT_VERSION = 5.0;
				TARGETED_DEVICE_FAMILY = "1,2";
				TEST_TARGET_NAME = iWatchList;
			};
			name = Debug;
		};
		7AFDD4A82542093800BA5672 /* Release */ = {
			isa = XCBuildConfiguration;
			baseConfigurationReference = CA320416D33E4B26BB405339 /* Pods-iWatchList-iWatchListUITests.release.xcconfig */;
			buildSettings = {
				ALWAYS_EMBED_SWIFT_STANDARD_LIBRARIES = YES;
				CODE_SIGN_STYLE = Automatic;
				DEVELOPMENT_TEAM = 8N6548NG99;
				INFOPLIST_FILE = iWatchListUITests/Info.plist;
				LD_RUNPATH_SEARCH_PATHS = (
					"$(inherited)",
					"@executable_path/Frameworks",
					"@loader_path/Frameworks",
				);
				PRODUCT_BUNDLE_IDENTIFIER = brian.iWatchListUITests;
				PRODUCT_NAME = "$(TARGET_NAME)";
				SWIFT_VERSION = 5.0;
				TARGETED_DEVICE_FAMILY = "1,2";
				TEST_TARGET_NAME = iWatchList;
			};
			name = Release;
		};
/* End XCBuildConfiguration section */

/* Begin XCConfigurationList section */
		7AFDD4712542093600BA5672 /* Build configuration list for PBXProject "iWatchList" */ = {
			isa = XCConfigurationList;
			buildConfigurations = (
				7AFDD49E2542093800BA5672 /* Debug */,
				7AFDD49F2542093800BA5672 /* Release */,
			);
			defaultConfigurationIsVisible = 0;
			defaultConfigurationName = Release;
		};
		7AFDD4A02542093800BA5672 /* Build configuration list for PBXNativeTarget "iWatchList" */ = {
			isa = XCConfigurationList;
			buildConfigurations = (
				7AFDD4A12542093800BA5672 /* Debug */,
				7AFDD4A22542093800BA5672 /* Release */,
			);
			defaultConfigurationIsVisible = 0;
			defaultConfigurationName = Release;
		};
		7AFDD4A32542093800BA5672 /* Build configuration list for PBXNativeTarget "iWatchListTests" */ = {
			isa = XCConfigurationList;
			buildConfigurations = (
				7AFDD4A42542093800BA5672 /* Debug */,
				7AFDD4A52542093800BA5672 /* Release */,
			);
			defaultConfigurationIsVisible = 0;
			defaultConfigurationName = Release;
		};
		7AFDD4A62542093800BA5672 /* Build configuration list for PBXNativeTarget "iWatchListUITests" */ = {
			isa = XCConfigurationList;
			buildConfigurations = (
				7AFDD4A72542093800BA5672 /* Debug */,
				7AFDD4A82542093800BA5672 /* Release */,
			);
			defaultConfigurationIsVisible = 0;
			defaultConfigurationName = Release;
		};
/* End XCConfigurationList section */

/* Begin XCVersionGroup section */
		7AC1BB692548732100E8B737 /* WatchListDB.xcdatamodeld */ = {
			isa = XCVersionGroup;
			children = (
				7AC1BB6A2548732100E8B737 /* WatchListDB.xcdatamodel */,
			);
			currentVersion = 7AC1BB6A2548732100E8B737 /* WatchListDB.xcdatamodel */;
			path = WatchListDB.xcdatamodeld;
			sourceTree = "<group>";
			versionGroupType = wrapper.xcdatamodel;
		};
/* End XCVersionGroup section */
	};
	rootObject = 7AFDD46E2542093600BA5672 /* Project object */;
}
